
Microsoft Visual Studio Solution File, Format Version 12.00
# Visual Studio Version 17
VisualStudioVersion = 17.13.35828.75
MinimumVisualStudioVersion = 10.0.40219.1
Project("{FAE04EC0-301F-11D3-BF4B-00C04F79EFBC}") = "TK", "TK.csproj", "{03231E90-3231-4AC2-864D-9CF9CC33A278}"
EndProject
Project("{FAE04EC0-301F-11D3-BF4B-00C04F79EFBC}") = "UnitTestProject", "UnitTestProject\UnitTestProject.csproj", "{0D22ED4C-2E77-4BCB-8F9D-4CB4114893D8}"
EndProject
Global
	GlobalSection(SolutionConfigurationPlatforms) = preSolution
		Debug|Any CPU = Debug|Any CPU
		Release|Any CPU = Release|Any CPU
	EndGlobalSection
	GlobalSection(ProjectConfigurationPlatforms) = postSolution
		{03231E90-3231-4AC2-864D-9CF9CC33A278}.Debug|Any CPU.ActiveCfg = Debug|Any CPU
		{03231E90-3231-4AC2-864D-9CF9CC33A278}.Debug|Any CPU.Build.0 = Debug|Any CPU
		{03231E90-3231-4AC2-864D-9CF9CC33A278}.Release|Any CPU.ActiveCfg = Release|Any CPU
		{03231E90-3231-4AC2-864D-9CF9CC33A278}.Release|Any CPU.Build.0 = Release|Any CPU
		{0D22ED4C-2E77-4BCB-8F9D-4CB4114893D8}.Debug|Any CPU.ActiveCfg = Debug|Any CPU
		{0D22ED4C-2E77-4BCB-8F9D-4CB4114893D8}.Debug|Any CPU.Build.0 = Debug|Any CPU
		{0D22ED4C-2E77-4BCB-8F9D-4CB4114893D8}.Release|Any CPU.ActiveCfg = Release|Any CPU
		{0D22ED4C-2E77-4BCB-8F9D-4CB4114893D8}.Release|Any CPU.Build.0 = Release|Any CPU
	EndGlobalSection
	GlobalSection(SolutionProperties) = preSolution
		HideSolutionNode = FALSE
	EndGlobalSection
	GlobalSection(ExtensibilityGlobals) = postSolution
		SolutionGuid = {4C48159E-0A6A-4153-822A-FBC00FAC0410}
	EndGlobalSection
EndGlobal
